// !$*UTF8*$!
{
	archiveVersion = 1;
	classes = {
	};
	objectVersion = 51;
	objects = {

/* Begin PBXBuildFile section */
		518F88763B315CFB92676570 /* Pods_FireBaseChatAppTests.framework in Frameworks */ = {isa = PBXBuildFile; fileRef = FDF28E6B72A42CE87498C12C /* Pods_FireBaseChatAppTests.framework */; };
		6E94336F25DCE14800F50F80 /* GoogleService-Info.plist in Resources */ = {isa = PBXBuildFile; fileRef = 6E94336E25DCE14800F50F80 /* GoogleService-Info.plist */; };
		6E9C7B5425DC1F7800D4CB23 /* AppDelegate.swift in Sources */ = {isa = PBXBuildFile; fileRef = 6E9C7B5325DC1F7800D4CB23 /* AppDelegate.swift */; };
		6E9C7B5625DC1F7800D4CB23 /* SceneDelegate.swift in Sources */ = {isa = PBXBuildFile; fileRef = 6E9C7B5525DC1F7800D4CB23 /* SceneDelegate.swift */; };
		6E9C7B5825DC1F7800D4CB23 /* ViewController.swift in Sources */ = {isa = PBXBuildFile; fileRef = 6E9C7B5725DC1F7800D4CB23 /* ViewController.swift */; };
		6E9C7B5B25DC1F7800D4CB23 /* Main.storyboard in Resources */ = {isa = PBXBuildFile; fileRef = 6E9C7B5925DC1F7800D4CB23 /* Main.storyboard */; };
		6E9C7B5D25DC1F7900D4CB23 /* Assets.xcassets in Resources */ = {isa = PBXBuildFile; fileRef = 6E9C7B5C25DC1F7900D4CB23 /* Assets.xcassets */; };
		6E9C7B6025DC1F7900D4CB23 /* LaunchScreen.storyboard in Resources */ = {isa = PBXBuildFile; fileRef = 6E9C7B5E25DC1F7900D4CB23 /* LaunchScreen.storyboard */; };
		6E9C7B6B25DC1F7900D4CB23 /* FireBaseChatAppTests.swift in Sources */ = {isa = PBXBuildFile; fileRef = 6E9C7B6A25DC1F7900D4CB23 /* FireBaseChatAppTests.swift */; };
		6E9C7B7625DC1F7900D4CB23 /* FireBaseChatAppUITests.swift in Sources */ = {isa = PBXBuildFile; fileRef = 6E9C7B7525DC1F7900D4CB23 /* FireBaseChatAppUITests.swift */; };
		71D8E6FD0EC81CD9FB622C22 /* Pods_FireBaseChatApp.framework in Frameworks */ = {isa = PBXBuildFile; fileRef = 8B4F6280947C53CA0A952A69 /* Pods_FireBaseChatApp.framework */; };
		9131C15405C8BD7BDCB0CAD5 /* Pods_FireBaseChatApp_FireBaseChatAppUITests.framework in Frameworks */ = {isa = PBXBuildFile; fileRef = DBBAA1633FB8443953DED67F /* Pods_FireBaseChatApp_FireBaseChatAppUITests.framework */; };
/* End PBXBuildFile section */

/* Begin PBXContainerItemProxy section */
		6E9C7B6725DC1F7900D4CB23 /* PBXContainerItemProxy */ = {
			isa = PBXContainerItemProxy;
			containerPortal = 6E9C7B4825DC1F7800D4CB23 /* Project object */;
			proxyType = 1;
			remoteGlobalIDString = 6E9C7B4F25DC1F7800D4CB23;
			remoteInfo = FireBaseChatApp;
		};
		6E9C7B7225DC1F7900D4CB23 /* PBXContainerItemProxy */ = {
			isa = PBXContainerItemProxy;
			containerPortal = 6E9C7B4825DC1F7800D4CB23 /* Project object */;
			proxyType = 1;
			remoteGlobalIDString = 6E9C7B4F25DC1F7800D4CB23;
			remoteInfo = FireBaseChatApp;
		};
/* End PBXContainerItemProxy section */

/* Begin PBXFileReference section */
		6E94336E25DCE14800F50F80 /* GoogleService-Info.plist */ = {isa = PBXFileReference; fileEncoding = 4; lastKnownFileType = text.plist.xml; path = "GoogleService-Info.plist"; sourceTree = "<group>"; };
		6E9C7B5025DC1F7800D4CB23 /* FireBaseChatApp.app */ = {isa = PBXFileReference; explicitFileType = wrapper.application; includeInIndex = 0; path = FireBaseChatApp.app; sourceTree = BUILT_PRODUCTS_DIR; };
		6E9C7B5325DC1F7800D4CB23 /* AppDelegate.swift */ = {isa = PBXFileReference; lastKnownFileType = sourcecode.swift; path = AppDelegate.swift; sourceTree = "<group>"; };
		6E9C7B5525DC1F7800D4CB23 /* SceneDelegate.swift */ = {isa = PBXFileReference; lastKnownFileType = sourcecode.swift; path = SceneDelegate.swift; sourceTree = "<group>"; };
		6E9C7B5725DC1F7800D4CB23 /* ViewController.swift */ = {isa = PBXFileReference; lastKnownFileType = sourcecode.swift; path = ViewController.swift; sourceTree = "<group>"; };
		6E9C7B5A25DC1F7800D4CB23 /* Base */ = {isa = PBXFileReference; lastKnownFileType = file.storyboard; name = Base; path = Base.lproj/Main.storyboard; sourceTree = "<group>"; };
		6E9C7B5C25DC1F7900D4CB23 /* Assets.xcassets */ = {isa = PBXFileReference; lastKnownFileType = folder.assetcatalog; path = Assets.xcassets; sourceTree = "<group>"; };
		6E9C7B5F25DC1F7900D4CB23 /* Base */ = {isa = PBXFileReference; lastKnownFileType = file.storyboard; name = Base; path = Base.lproj/LaunchScreen.storyboard; sourceTree = "<group>"; };
		6E9C7B6125DC1F7900D4CB23 /* Info.plist */ = {isa = PBXFileReference; lastKnownFileType = text.plist.xml; path = Info.plist; sourceTree = "<group>"; };
		6E9C7B6625DC1F7900D4CB23 /* FireBaseChatAppTests.xctest */ = {isa = PBXFileReference; explicitFileType = wrapper.cfbundle; includeInIndex = 0; path = FireBaseChatAppTests.xctest; sourceTree = BUILT_PRODUCTS_DIR; };
		6E9C7B6A25DC1F7900D4CB23 /* FireBaseChatAppTests.swift */ = {isa = PBXFileReference; lastKnownFileType = sourcecode.swift; path = FireBaseChatAppTests.swift; sourceTree = "<group>"; };
		6E9C7B6C25DC1F7900D4CB23 /* Info.plist */ = {isa = PBXFileReference; lastKnownFileType = text.plist.xml; path = Info.plist; sourceTree = "<group>"; };
		6E9C7B7125DC1F7900D4CB23 /* FireBaseChatAppUITests.xctest */ = {isa = PBXFileReference; explicitFileType = wrapper.cfbundle; includeInIndex = 0; path = FireBaseChatAppUITests.xctest; sourceTree = BUILT_PRODUCTS_DIR; };
		6E9C7B7525DC1F7900D4CB23 /* FireBaseChatAppUITests.swift */ = {isa = PBXFileReference; lastKnownFileType = sourcecode.swift; path = FireBaseChatAppUITests.swift; sourceTree = "<group>"; };
		6E9C7B7725DC1F7900D4CB23 /* Info.plist */ = {isa = PBXFileReference; lastKnownFileType = text.plist.xml; path = Info.plist; sourceTree = "<group>"; };
		76B1ECA0BFE472277FCB7558 /* Pods-FireBaseChatApp-FireBaseChatAppUITests.release.xcconfig */ = {isa = PBXFileReference; includeInIndex = 1; lastKnownFileType = text.xcconfig; name = "Pods-FireBaseChatApp-FireBaseChatAppUITests.release.xcconfig"; path = "Target Support Files/Pods-FireBaseChatApp-FireBaseChatAppUITests/Pods-FireBaseChatApp-FireBaseChatAppUITests.release.xcconfig"; sourceTree = "<group>"; };
		8061D1397E4C845281AB6A5C /* Pods-FireBaseChatAppTests.release.xcconfig */ = {isa = PBXFileReference; includeInIndex = 1; lastKnownFileType = text.xcconfig; name = "Pods-FireBaseChatAppTests.release.xcconfig"; path = "Target Support Files/Pods-FireBaseChatAppTests/Pods-FireBaseChatAppTests.release.xcconfig"; sourceTree = "<group>"; };
		80C80A94558D280B66FFCCD7 /* Pods-FireBaseChatApp-FireBaseChatAppUITests.debug.xcconfig */ = {isa = PBXFileReference; includeInIndex = 1; lastKnownFileType = text.xcconfig; name = "Pods-FireBaseChatApp-FireBaseChatAppUITests.debug.xcconfig"; path = "Target Support Files/Pods-FireBaseChatApp-FireBaseChatAppUITests/Pods-FireBaseChatApp-FireBaseChatAppUITests.debug.xcconfig"; sourceTree = "<group>"; };
		87C1A3D69B5DF9EF586C0D85 /* Pods-FireBaseChatApp.release.xcconfig */ = {isa = PBXFileReference; includeInIndex = 1; lastKnownFileType = text.xcconfig; name = "Pods-FireBaseChatApp.release.xcconfig"; path = "Target Support Files/Pods-FireBaseChatApp/Pods-FireBaseChatApp.release.xcconfig"; sourceTree = "<group>"; };
		8B4F6280947C53CA0A952A69 /* Pods_FireBaseChatApp.framework */ = {isa = PBXFileReference; explicitFileType = wrapper.framework; includeInIndex = 0; path = Pods_FireBaseChatApp.framework; sourceTree = BUILT_PRODUCTS_DIR; };
		B248EB316D55343D2E1722DC /* Pods-FireBaseChatApp.debug.xcconfig */ = {isa = PBXFileReference; includeInIndex = 1; lastKnownFileType = text.xcconfig; name = "Pods-FireBaseChatApp.debug.xcconfig"; path = "Target Support Files/Pods-FireBaseChatApp/Pods-FireBaseChatApp.debug.xcconfig"; sourceTree = "<group>"; };
		DBBAA1633FB8443953DED67F /* Pods_FireBaseChatApp_FireBaseChatAppUITests.framework */ = {isa = PBXFileReference; explicitFileType = wrapper.framework; includeInIndex = 0; path = Pods_FireBaseChatApp_FireBaseChatAppUITests.framework; sourceTree = BUILT_PRODUCTS_DIR; };
		F49925FC4ACF8803D5A1FF4B /* Pods-FireBaseChatAppTests.debug.xcconfig */ = {isa = PBXFileReference; includeInIndex = 1; lastKnownFileType = text.xcconfig; name = "Pods-FireBaseChatAppTests.debug.xcconfig"; path = "Target Support Files/Pods-FireBaseChatAppTests/Pods-FireBaseChatAppTests.debug.xcconfig"; sourceTree = "<group>"; };
		FDF28E6B72A42CE87498C12C /* Pods_FireBaseChatAppTests.framework */ = {isa = PBXFileReference; explicitFileType = wrapper.framework; includeInIndex = 0; path = Pods_FireBaseChatAppTests.framework; sourceTree = BUILT_PRODUCTS_DIR; };
/* End PBXFileReference section */

/* Begin PBXFrameworksBuildPhase section */
		6E9C7B4D25DC1F7800D4CB23 /* Frameworks */ = {
			isa = PBXFrameworksBuildPhase;
			buildActionMask = 2147483647;
			files = (
				71D8E6FD0EC81CD9FB622C22 /* Pods_FireBaseChatApp.framework in Frameworks */,
			);
			runOnlyForDeploymentPostprocessing = 0;
		};
		6E9C7B6325DC1F7900D4CB23 /* Frameworks */ = {
			isa = PBXFrameworksBuildPhase;
			buildActionMask = 2147483647;
			files = (
				518F88763B315CFB92676570 /* Pods_FireBaseChatAppTests.framework in Frameworks */,
			);
			runOnlyForDeploymentPostprocessing = 0;
		};
		6E9C7B6E25DC1F7900D4CB23 /* Frameworks */ = {
			isa = PBXFrameworksBuildPhase;
			buildActionMask = 2147483647;
			files = (
				9131C15405C8BD7BDCB0CAD5 /* Pods_FireBaseChatApp_FireBaseChatAppUITests.framework in Frameworks */,
			);
			runOnlyForDeploymentPostprocessing = 0;
		};
/* End PBXFrameworksBuildPhase section */

/* Begin PBXGroup section */
		2F9EA81E59D21969B62B2729 /* Pods */ = {
			isa = PBXGroup;
			children = (
				B248EB316D55343D2E1722DC /* Pods-FireBaseChatApp.debug.xcconfig */,
				87C1A3D69B5DF9EF586C0D85 /* Pods-FireBaseChatApp.release.xcconfig */,
				80C80A94558D280B66FFCCD7 /* Pods-FireBaseChatApp-FireBaseChatAppUITests.debug.xcconfig */,
				76B1ECA0BFE472277FCB7558 /* Pods-FireBaseChatApp-FireBaseChatAppUITests.release.xcconfig */,
				F49925FC4ACF8803D5A1FF4B /* Pods-FireBaseChatAppTests.debug.xcconfig */,
				8061D1397E4C845281AB6A5C /* Pods-FireBaseChatAppTests.release.xcconfig */,
			);
			path = Pods;
			sourceTree = "<group>";
		};
		4775F62966DCC1490DDFDC59 /* Frameworks */ = {
			isa = PBXGroup;
			children = (
				8B4F6280947C53CA0A952A69 /* Pods_FireBaseChatApp.framework */,
				DBBAA1633FB8443953DED67F /* Pods_FireBaseChatApp_FireBaseChatAppUITests.framework */,
				FDF28E6B72A42CE87498C12C /* Pods_FireBaseChatAppTests.framework */,
			);
			name = Frameworks;
			sourceTree = "<group>";
		};
		6E9C7B4725DC1F7800D4CB23 = {
			isa = PBXGroup;
			children = (
				6E9C7B5225DC1F7800D4CB23 /* FireBaseChatApp */,
				6E9C7B6925DC1F7900D4CB23 /* FireBaseChatAppTests */,
				6E9C7B7425DC1F7900D4CB23 /* FireBaseChatAppUITests */,
				6E9C7B5125DC1F7800D4CB23 /* Products */,
				2F9EA81E59D21969B62B2729 /* Pods */,
				4775F62966DCC1490DDFDC59 /* Frameworks */,
			);
			sourceTree = "<group>";
		};
		6E9C7B5125DC1F7800D4CB23 /* Products */ = {
			isa = PBXGroup;
			children = (
				6E9C7B5025DC1F7800D4CB23 /* FireBaseChatApp.app */,
				6E9C7B6625DC1F7900D4CB23 /* FireBaseChatAppTests.xctest */,
				6E9C7B7125DC1F7900D4CB23 /* FireBaseChatAppUITests.xctest */,
			);
			name = Products;
			sourceTree = "<group>";
		};
		6E9C7B5225DC1F7800D4CB23 /* FireBaseChatApp */ = {
			isa = PBXGroup;
			children = (
				6E9C7B5325DC1F7800D4CB23 /* AppDelegate.swift */,
				6E9C7B5525DC1F7800D4CB23 /* SceneDelegate.swift */,
				6E9C7B5725DC1F7800D4CB23 /* ViewController.swift */,
				6E9C7B5925DC1F7800D4CB23 /* Main.storyboard */,
				6E9C7B5C25DC1F7900D4CB23 /* Assets.xcassets */,
				6E9C7B5E25DC1F7900D4CB23 /* LaunchScreen.storyboard */,
				6E9C7B6125DC1F7900D4CB23 /* Info.plist */,
				6E94336E25DCE14800F50F80 /* GoogleService-Info.plist */,
			);
			path = FireBaseChatApp;
			sourceTree = "<group>";
		};
		6E9C7B6925DC1F7900D4CB23 /* FireBaseChatAppTests */ = {
			isa = PBXGroup;
			children = (
				6E9C7B6A25DC1F7900D4CB23 /* FireBaseChatAppTests.swift */,
				6E9C7B6C25DC1F7900D4CB23 /* Info.plist */,
			);
			path = FireBaseChatAppTests;
			sourceTree = "<group>";
		};
		6E9C7B7425DC1F7900D4CB23 /* FireBaseChatAppUITests */ = {
			isa = PBXGroup;
			children = (
				6E9C7B7525DC1F7900D4CB23 /* FireBaseChatAppUITests.swift */,
				6E9C7B7725DC1F7900D4CB23 /* Info.plist */,
			);
			path = FireBaseChatAppUITests;
			sourceTree = "<group>";
		};
/* End PBXGroup section */

/* Begin PBXNativeTarget section */
		6E9C7B4F25DC1F7800D4CB23 /* FireBaseChatApp */ = {
			isa = PBXNativeTarget;
			buildConfigurationList = 6E9C7B7A25DC1F7900D4CB23 /* Build configuration list for PBXNativeTarget "FireBaseChatApp" */;
			buildPhases = (
				6CAA1434DDF25ED1D4882254 /* [CP] Check Pods Manifest.lock */,
				6E9C7B4C25DC1F7800D4CB23 /* Sources */,
				6E9C7B4D25DC1F7800D4CB23 /* Frameworks */,
				6E9C7B4E25DC1F7800D4CB23 /* Resources */,
				D7B0FF059EDC35798DB47ED6 /* [CP] Embed Pods Frameworks */,
			);
			buildRules = (
			);
			dependencies = (
			);
			name = FireBaseChatApp;
			productName = FireBaseChatApp;
			productReference = 6E9C7B5025DC1F7800D4CB23 /* FireBaseChatApp.app */;
			productType = "com.apple.product-type.application";
		};
		6E9C7B6525DC1F7900D4CB23 /* FireBaseChatAppTests */ = {
			isa = PBXNativeTarget;
			buildConfigurationList = 6E9C7B7D25DC1F7900D4CB23 /* Build configuration list for PBXNativeTarget "FireBaseChatAppTests" */;
			buildPhases = (
				BC2215F68DA416895A1AFB83 /* [CP] Check Pods Manifest.lock */,
				6E9C7B6225DC1F7900D4CB23 /* Sources */,
				6E9C7B6325DC1F7900D4CB23 /* Frameworks */,
				6E9C7B6425DC1F7900D4CB23 /* Resources */,
			);
			buildRules = (
			);
			dependencies = (
				6E9C7B6825DC1F7900D4CB23 /* PBXTargetDependency */,
			);
			name = FireBaseChatAppTests;
			productName = FireBaseChatAppTests;
			productReference = 6E9C7B6625DC1F7900D4CB23 /* FireBaseChatAppTests.xctest */;
			productType = "com.apple.product-type.bundle.unit-test";
		};
		6E9C7B7025DC1F7900D4CB23 /* FireBaseChatAppUITests */ = {
			isa = PBXNativeTarget;
			buildConfigurationList = 6E9C7B8025DC1F7900D4CB23 /* Build configuration list for PBXNativeTarget "FireBaseChatAppUITests" */;
			buildPhases = (
				E3D9D3EA2BB4D100A6243AEE /* [CP] Check Pods Manifest.lock */,
				6E9C7B6D25DC1F7900D4CB23 /* Sources */,
				6E9C7B6E25DC1F7900D4CB23 /* Frameworks */,
				6E9C7B6F25DC1F7900D4CB23 /* Resources */,
				3FF5B763C353BE79FFF8A94F /* [CP] Embed Pods Frameworks */,
			);
			buildRules = (
			);
			dependencies = (
				6E9C7B7325DC1F7900D4CB23 /* PBXTargetDependency */,
			);
			name = FireBaseChatAppUITests;
			productName = FireBaseChatAppUITests;
			productReference = 6E9C7B7125DC1F7900D4CB23 /* FireBaseChatAppUITests.xctest */;
			productType = "com.apple.product-type.bundle.ui-testing";
		};
/* End PBXNativeTarget section */

/* Begin PBXProject section */
		6E9C7B4825DC1F7800D4CB23 /* Project object */ = {
			isa = PBXProject;
			attributes = {
				LastSwiftUpdateCheck = 1240;
				LastUpgradeCheck = 1240;
				TargetAttributes = {
					6E9C7B4F25DC1F7800D4CB23 = {
						CreatedOnToolsVersion = 12.4;
					};
					6E9C7B6525DC1F7900D4CB23 = {
						CreatedOnToolsVersion = 12.4;
						TestTargetID = 6E9C7B4F25DC1F7800D4CB23;
					};
					6E9C7B7025DC1F7900D4CB23 = {
						CreatedOnToolsVersion = 12.4;
						TestTargetID = 6E9C7B4F25DC1F7800D4CB23;
					};
				};
			};
			buildConfigurationList = 6E9C7B4B25DC1F7800D4CB23 /* Build configuration list for PBXProject "FireBaseChatApp" */;
			compatibilityVersion = "Xcode 9.3";
			developmentRegion = en;
			hasScannedForEncodings = 0;
			knownRegions = (
				en,
				Base,
			);
			mainGroup = 6E9C7B4725DC1F7800D4CB23;
			productRefGroup = 6E9C7B5125DC1F7800D4CB23 /* Products */;
			projectDirPath = "";
			projectRoot = "";
			targets = (
				6E9C7B4F25DC1F7800D4CB23 /* FireBaseChatApp */,
				6E9C7B6525DC1F7900D4CB23 /* FireBaseChatAppTests */,
				6E9C7B7025DC1F7900D4CB23 /* FireBaseChatAppUITests */,
			);
		};
/* End PBXProject section */

/* Begin PBXResourcesBuildPhase section */
		6E9C7B4E25DC1F7800D4CB23 /* Resources */ = {
			isa = PBXResourcesBuildPhase;
			buildActionMask = 2147483647;
			files = (
				6E9C7B6025DC1F7900D4CB23 /* LaunchScreen.storyboard in Resources */,
				6E94336F25DCE14800F50F80 /* GoogleService-Info.plist in Resources */,
				6E9C7B5D25DC1F7900D4CB23 /* Assets.xcassets in Resources */,
				6E9C7B5B25DC1F7800D4CB23 /* Main.storyboard in Resources */,
			);
			runOnlyForDeploymentPostprocessing = 0;
		};
		6E9C7B6425DC1F7900D4CB23 /* Resources */ = {
			isa = PBXResourcesBuildPhase;
			buildActionMask = 2147483647;
			files = (
			);
			runOnlyForDeploymentPostprocessing = 0;
		};
		6E9C7B6F25DC1F7900D4CB23 /* Resources */ = {
			isa = PBXResourcesBuildPhase;
			buildActionMask = 2147483647;
			files = (
			);
			runOnlyForDeploymentPostprocessing = 0;
		};
/* End PBXResourcesBuildPhase section */

/* Begin PBXShellScriptBuildPhase section */
		3FF5B763C353BE79FFF8A94F /* [CP] Embed Pods Frameworks */ = {
			isa = PBXShellScriptBuildPhase;
			buildActionMask = 2147483647;
			files = (
			);
			inputFileListPaths = (
				"${PODS_ROOT}/Target Support Files/Pods-FireBaseChatApp-FireBaseChatAppUITests/Pods-FireBaseChatApp-FireBaseChatAppUITests-frameworks-${CONFIGURATION}-input-files.xcfilelist",
			);
			name = "[CP] Embed Pods Frameworks";
			outputFileListPaths = (
				"${PODS_ROOT}/Target Support Files/Pods-FireBaseChatApp-FireBaseChatAppUITests/Pods-FireBaseChatApp-FireBaseChatAppUITests-frameworks-${CONFIGURATION}-output-files.xcfilelist",
			);
			runOnlyForDeploymentPostprocessing = 0;
			shellPath = /bin/sh;
			shellScript = "\"${PODS_ROOT}/Target Support Files/Pods-FireBaseChatApp-FireBaseChatAppUITests/Pods-FireBaseChatApp-FireBaseChatAppUITests-frameworks.sh\"\n";
			showEnvVarsInLog = 0;
		};
		6CAA1434DDF25ED1D4882254 /* [CP] Check Pods Manifest.lock */ = {
			isa = PBXShellScriptBuildPhase;
			buildActionMask = 2147483647;
			files = (
			);
			inputFileListPaths = (
			);
			inputPaths = (
				"${PODS_PODFILE_DIR_PATH}/Podfile.lock",
				"${PODS_ROOT}/Manifest.lock",
			);
			name = "[CP] Check Pods Manifest.lock";
			outputFileListPaths = (
			);
			outputPaths = (
				"$(DERIVED_FILE_DIR)/Pods-FireBaseChatApp-checkManifestLockResult.txt",
			);
			runOnlyForDeploymentPostprocessing = 0;
			shellPath = /bin/sh;
			shellScript = "diff \"${PODS_PODFILE_DIR_PATH}/Podfile.lock\" \"${PODS_ROOT}/Manifest.lock\" > /dev/null\nif [ $? != 0 ] ; then\n    # print error to STDERR\n    echo \"error: The sandbox is not in sync with the Podfile.lock. Run 'pod install' or update your CocoaPods installation.\" >&2\n    exit 1\nfi\n# This output is used by Xcode 'outputs' to avoid re-running this script phase.\necho \"SUCCESS\" > \"${SCRIPT_OUTPUT_FILE_0}\"\n";
			showEnvVarsInLog = 0;
		};
		BC2215F68DA416895A1AFB83 /* [CP] Check Pods Manifest.lock */ = {
			isa = PBXShellScriptBuildPhase;
			buildActionMask = 2147483647;
			files = (
			);
			inputFileListPaths = (
			);
			inputPaths = (
				"${PODS_PODFILE_DIR_PATH}/Podfile.lock",
				"${PODS_ROOT}/Manifest.lock",
			);
			name = "[CP] Check Pods Manifest.lock";
			outputFileListPaths = (
			);
			outputPaths = (
				"$(DERIVED_FILE_DIR)/Pods-FireBaseChatAppTests-checkManifestLockResult.txt",
			);
			runOnlyForDeploymentPostprocessing = 0;
			shellPath = /bin/sh;
			shellScript = "diff \"${PODS_PODFILE_DIR_PATH}/Podfile.lock\" \"${PODS_ROOT}/Manifest.lock\" > /dev/null\nif [ $? != 0 ] ; then\n    # print error to STDERR\n    echo \"error: The sandbox is not in sync with the Podfile.lock. Run 'pod install' or update your CocoaPods installation.\" >&2\n    exit 1\nfi\n# This output is used by Xcode 'outputs' to avoid re-running this script phase.\necho \"SUCCESS\" > \"${SCRIPT_OUTPUT_FILE_0}\"\n";
			showEnvVarsInLog = 0;
		};
		D7B0FF059EDC35798DB47ED6 /* [CP] Embed Pods Frameworks */ = {
			isa = PBXShellScriptBuildPhase;
			buildActionMask = 2147483647;
			files = (
			);
			inputFileListPaths = (
				"${PODS_ROOT}/Target Support Files/Pods-FireBaseChatApp/Pods-FireBaseChatApp-frameworks-${CONFIGURATION}-input-files.xcfilelist",
			);
			name = "[CP] Embed Pods Frameworks";
			outputFileListPaths = (
				"${PODS_ROOT}/Target Support Files/Pods-FireBaseChatApp/Pods-FireBaseChatApp-frameworks-${CONFIGURATION}-output-files.xcfilelist",
			);
			runOnlyForDeploymentPostprocessing = 0;
			shellPath = /bin/sh;
			shellScript = "\"${PODS_ROOT}/Target Support Files/Pods-FireBaseChatApp/Pods-FireBaseChatApp-frameworks.sh\"\n";
			showEnvVarsInLog = 0;
		};
		E3D9D3EA2BB4D100A6243AEE /* [CP] Check Pods Manifest.lock */ = {
			isa = PBXShellScriptBuildPhase;
			buildActionMask = 2147483647;
			files = (
			);
			inputFileListPaths = (
			);
			inputPaths = (
				"${PODS_PODFILE_DIR_PATH}/Podfile.lock",
				"${PODS_ROOT}/Manifest.lock",
			);
			name = "[CP] Check Pods Manifest.lock";
			outputFileListPaths = (
			);
			outputPaths = (
				"$(DERIVED_FILE_DIR)/Pods-FireBaseChatApp-FireBaseChatAppUITests-checkManifestLockResult.txt",
			);
			runOnlyForDeploymentPostprocessing = 0;
			shellPath = /bin/sh;
			shellScript = "diff \"${PODS_PODFILE_DIR_PATH}/Podfile.lock\" \"${PODS_ROOT}/Manifest.lock\" > /dev/null\nif [ $? != 0 ] ; then\n    # print error to STDERR\n    echo \"error: The sandbox is not in sync with the Podfile.lock. Run 'pod install' or update your CocoaPods installation.\" >&2\n    exit 1\nfi\n# This output is used by Xcode 'outputs' to avoid re-running this script phase.\necho \"SUCCESS\" > \"${SCRIPT_OUTPUT_FILE_0}\"\n";
			showEnvVarsInLog = 0;
		};
/* End PBXShellScriptBuildPhase section */

/* Begin PBXSourcesBuildPhase section */
		6E9C7B4C25DC1F7800D4CB23 /* Sources */ = {
			isa = PBXSourcesBuildPhase;
			buildActionMask = 2147483647;
			files = (
				6E9C7B5825DC1F7800D4CB23 /* ViewController.swift in Sources */,
				6E9C7B5425DC1F7800D4CB23 /* AppDelegate.swift in Sources */,
				6E9C7B5625DC1F7800D4CB23 /* SceneDelegate.swift in Sources */,
			);
			runOnlyForDeploymentPostprocessing = 0;
		};
		6E9C7B6225DC1F7900D4CB23 /* Sources */ = {
			isa = PBXSourcesBuildPhase;
			buildActionMask = 2147483647;
			files = (
				6E9C7B6B25DC1F7900D4CB23 /* FireBaseChatAppTests.swift in Sources */,
			);
			runOnlyForDeploymentPostprocessing = 0;
		};
		6E9C7B6D25DC1F7900D4CB23 /* Sources */ = {
			isa = PBXSourcesBuildPhase;
			buildActionMask = 2147483647;
			files = (
				6E9C7B7625DC1F7900D4CB23 /* FireBaseChatAppUITests.swift in Sources */,
			);
			runOnlyForDeploymentPostprocessing = 0;
		};
/* End PBXSourcesBuildPhase section */

/* Begin PBXTargetDependency section */
		6E9C7B6825DC1F7900D4CB23 /* PBXTargetDependency */ = {
			isa = PBXTargetDependency;
			target = 6E9C7B4F25DC1F7800D4CB23 /* FireBaseChatApp */;
			targetProxy = 6E9C7B6725DC1F7900D4CB23 /* PBXContainerItemProxy */;
		};
		6E9C7B7325DC1F7900D4CB23 /* PBXTargetDependency */ = {
			isa = PBXTargetDependency;
			target = 6E9C7B4F25DC1F7800D4CB23 /* FireBaseChatApp */;
			targetProxy = 6E9C7B7225DC1F7900D4CB23 /* PBXContainerItemProxy */;
		};
/* End PBXTargetDependency section */

/* Begin PBXVariantGroup section */
		6E9C7B5925DC1F7800D4CB23 /* Main.storyboard */ = {
			isa = PBXVariantGroup;
			children = (
				6E9C7B5A25DC1F7800D4CB23 /* Base */,
			);
			name = Main.storyboard;
			sourceTree = "<group>";
		};
		6E9C7B5E25DC1F7900D4CB23 /* LaunchScreen.storyboard */ = {
			isa = PBXVariantGroup;
			children = (
				6E9C7B5F25DC1F7900D4CB23 /* Base */,
			);
			name = LaunchScreen.storyboard;
			sourceTree = "<group>";
		};
/* End PBXVariantGroup section */

/* Begin XCBuildConfiguration section */
		6E9C7B7825DC1F7900D4CB23 /* Debug */ = {
			isa = XCBuildConfiguration;
			buildSettings = {
				ALWAYS_SEARCH_USER_PATHS = NO;
				CLANG_ANALYZER_NONNULL = YES;
				CLANG_ANALYZER_NUMBER_OBJECT_CONVERSION = YES_AGGRESSIVE;
				CLANG_CXX_LANGUAGE_STANDARD = "gnu++14";
				CLANG_CXX_LIBRARY = "libc++";
				CLANG_ENABLE_MODULES = YES;
				CLANG_ENABLE_OBJC_ARC = YES;
				CLANG_ENABLE_OBJC_WEAK = YES;
				CLANG_WARN_BLOCK_CAPTURE_AUTORELEASING = YES;
				CLANG_WARN_BOOL_CONVERSION = YES;
				CLANG_WARN_COMMA = YES;
				CLANG_WARN_CONSTANT_CONVERSION = YES;
				CLANG_WARN_DEPRECATED_OBJC_IMPLEMENTATIONS = YES;
				CLANG_WARN_DIRECT_OBJC_ISA_USAGE = YES_ERROR;
				CLANG_WARN_DOCUMENTATION_COMMENTS = YES;
				CLANG_WARN_EMPTY_BODY = YES;
				CLANG_WARN_ENUM_CONVERSION = YES;
				CLANG_WARN_INFINITE_RECURSION = YES;
				CLANG_WARN_INT_CONVERSION = YES;
				CLANG_WARN_NON_LITERAL_NULL_CONVERSION = YES;
				CLANG_WARN_OBJC_IMPLICIT_RETAIN_SELF = YES;
				CLANG_WARN_OBJC_LITERAL_CONVERSION = YES;
				CLANG_WARN_OBJC_ROOT_CLASS = YES_ERROR;
				CLANG_WARN_QUOTED_INCLUDE_IN_FRAMEWORK_HEADER = YES;
				CLANG_WARN_RANGE_LOOP_ANALYSIS = YES;
				CLANG_WARN_STRICT_PROTOTYPES = YES;
				CLANG_WARN_SUSPICIOUS_MOVE = YES;
				CLANG_WARN_UNGUARDED_AVAILABILITY = YES_AGGRESSIVE;
				CLANG_WARN_UNREACHABLE_CODE = YES;
				CLANG_WARN__DUPLICATE_METHOD_MATCH = YES;
				COPY_PHASE_STRIP = NO;
				DEBUG_INFORMATION_FORMAT = dwarf;
				ENABLE_STRICT_OBJC_MSGSEND = YES;
				ENABLE_TESTABILITY = YES;
				GCC_C_LANGUAGE_STANDARD = gnu11;
				GCC_DYNAMIC_NO_PIC = NO;
				GCC_NO_COMMON_BLOCKS = YES;
				GCC_OPTIMIZATION_LEVEL = 0;
				GCC_PREPROCESSOR_DEFINITIONS = (
					"DEBUG=1",
					"$(inherited)",
				);
				GCC_WARN_64_TO_32_BIT_CONVERSION = YES;
				GCC_WARN_ABOUT_RETURN_TYPE = YES_ERROR;
				GCC_WARN_UNDECLARED_SELECTOR = YES;
				GCC_WARN_UNINITIALIZED_AUTOS = YES_AGGRESSIVE;
				GCC_WARN_UNUSED_FUNCTION = YES;
				GCC_WARN_UNUSED_VARIABLE = YES;
				IPHONEOS_DEPLOYMENT_TARGET = 14.4;
				MTL_ENABLE_DEBUG_INFO = INCLUDE_SOURCE;
				MTL_FAST_MATH = YES;
				ONLY_ACTIVE_ARCH = YES;
				SDKROOT = iphoneos;
				SWIFT_ACTIVE_COMPILATION_CONDITIONS = DEBUG;
				SWIFT_OPTIMIZATION_LEVEL = "-Onone";
			};
			name = Debug;
		};
		6E9C7B7925DC1F7900D4CB23 /* Release */ = {
			isa = XCBuildConfiguration;
			buildSettings = {
				ALWAYS_SEARCH_USER_PATHS = NO;
				CLANG_ANALYZER_NONNULL = YES;
				CLANG_ANALYZER_NUMBER_OBJECT_CONVERSION = YES_AGGRESSIVE;
				CLANG_CXX_LANGUAGE_STANDARD = "gnu++14";
				CLANG_CXX_LIBRARY = "libc++";
				CLANG_ENABLE_MODULES = YES;
				CLANG_ENABLE_OBJC_ARC = YES;
				CLANG_ENABLE_OBJC_WEAK = YES;
				CLANG_WARN_BLOCK_CAPTURE_AUTORELEASING = YES;
				CLANG_WARN_BOOL_CONVERSION = YES;
				CLANG_WARN_COMMA = YES;
				CLANG_WARN_CONSTANT_CONVERSION = YES;
				CLANG_WARN_DEPRECATED_OBJC_IMPLEMENTATIONS = YES;
				CLANG_WARN_DIRECT_OBJC_ISA_USAGE = YES_ERROR;
				CLANG_WARN_DOCUMENTATION_COMMENTS = YES;
				CLANG_WARN_EMPTY_BODY = YES;
				CLANG_WARN_ENUM_CONVERSION = YES;
				CLANG_WARN_INFINITE_RECURSION = YES;
				CLANG_WARN_INT_CONVERSION = YES;
				CLANG_WARN_NON_LITERAL_NULL_CONVERSION = YES;
				CLANG_WARN_OBJC_IMPLICIT_RETAIN_SELF = YES;
				CLANG_WARN_OBJC_LITERAL_CONVERSION = YES;
				CLANG_WARN_OBJC_ROOT_CLASS = YES_ERROR;
				CLANG_WARN_QUOTED_INCLUDE_IN_FRAMEWORK_HEADER = YES;
				CLANG_WARN_RANGE_LOOP_ANALYSIS = YES;
				CLANG_WARN_STRICT_PROTOTYPES = YES;
				CLANG_WARN_SUSPICIOUS_MOVE = YES;
				CLANG_WARN_UNGUARDED_AVAILABILITY = YES_AGGRESSIVE;
				CLANG_WARN_UNREACHABLE_CODE = YES;
				CLANG_WARN__DUPLICATE_METHOD_MATCH = YES;
				COPY_PHASE_STRIP = NO;
				DEBUG_INFORMATION_FORMAT = "dwarf-with-dsym";
				ENABLE_NS_ASSERTIONS = NO;
				ENABLE_STRICT_OBJC_MSGSEND = YES;
				GCC_C_LANGUAGE_STANDARD = gnu11;
				GCC_NO_COMMON_BLOCKS = YES;
				GCC_WARN_64_TO_32_BIT_CONVERSION = YES;
				GCC_WARN_ABOUT_RETURN_TYPE = YES_ERROR;
				GCC_WARN_UNDECLARED_SELECTOR = YES;
				GCC_WARN_UNINITIALIZED_AUTOS = YES_AGGRESSIVE;
				GCC_WARN_UNUSED_FUNCTION = YES;
				GCC_WARN_UNUSED_VARIABLE = YES;
				IPHONEOS_DEPLOYMENT_TARGET = 14.4;
				MTL_ENABLE_DEBUG_INFO = NO;
				MTL_FAST_MATH = YES;
				SDKROOT = iphoneos;
				SWIFT_COMPILATION_MODE = wholemodule;
				SWIFT_OPTIMIZATION_LEVEL = "-O";
				VALIDATE_PRODUCT = YES;
			};
			name = Release;
		};
		6E9C7B7B25DC1F7900D4CB23 /* Debug */ = {
			isa = XCBuildConfiguration;
			baseConfigurationReference = B248EB316D55343D2E1722DC /* Pods-FireBaseChatApp.debug.xcconfig */;
			buildSettings = {
				ASSETCATALOG_COMPILER_APPICON_NAME = AppIcon;
				ASSETCATALOG_COMPILER_GLOBAL_ACCENT_COLOR_NAME = AccentColor;
				CODE_SIGN_STYLE = Automatic;
				INFOPLIST_FILE = FireBaseChatApp/Info.plist;
				LD_RUNPATH_SEARCH_PATHS = (
					"$(inherited)",
					"@executable_path/Frameworks",
				);
				PRODUCT_BUNDLE_IDENTIFIER = com.shunta.FireBaseChatApp;
				PRODUCT_NAME = "$(TARGET_NAME)";
				SWIFT_VERSION = 5.0;
				TARGETED_DEVICE_FAMILY = 1;
			};
			name = Debug;
		};
		6E9C7B7C25DC1F7900D4CB23 /* Release */ = {
			isa = XCBuildConfiguration;
			baseConfigurationReference = 87C1A3D69B5DF9EF586C0D85 /* Pods-FireBaseChatApp.release.xcconfig */;
			buildSettings = {
				ASSETCATALOG_COMPILER_APPICON_NAME = AppIcon;
				ASSETCATALOG_COMPILER_GLOBAL_ACCENT_COLOR_NAME = AccentColor;
				CODE_SIGN_STYLE = Automatic;
				INFOPLIST_FILE = FireBaseChatApp/Info.plist;
				LD_RUNPATH_SEARCH_PATHS = (
					"$(inherited)",
					"@executable_path/Frameworks",
				);
				PRODUCT_BUNDLE_IDENTIFIER = com.shunta.FireBaseChatApp;
				PRODUCT_NAME = "$(TARGET_NAME)";
				SWIFT_VERSION = 5.0;
				TARGETED_DEVICE_FAMILY = 1;
			};
			name = Release;
		};
		6E9C7B7E25DC1F7900D4CB23 /* Debug */ = {
			isa = XCBuildConfiguration;
			baseConfigurationReference = F49925FC4ACF8803D5A1FF4B /* Pods-FireBaseChatAppTests.debug.xcconfig */;
			buildSettings = {
				ALWAYS_EMBED_SWIFT_STANDARD_LIBRARIES = YES;
				BUNDLE_LOADER = "$(TEST_HOST)";
				CODE_SIGN_STYLE = Automatic;
				INFOPLIST_FILE = FireBaseChatAppTests/Info.plist;
				IPHONEOS_DEPLOYMENT_TARGET = 14.4;
				LD_RUNPATH_SEARCH_PATHS = (
					"$(inherited)",
					"@executable_path/Frameworks",
					"@loader_path/Frameworks",
				);
				PRODUCT_BUNDLE_IDENTIFIER = com.shunta.FireBaseChatAppTests;
				PRODUCT_NAME = "$(TARGET_NAME)";
				SWIFT_VERSION = 5.0;
				TARGETED_DEVICE_FAMILY = "1,2";
				TEST_HOST = "$(BUILT_PRODUCTS_DIR)/FireBaseChatApp.app/FireBaseChatApp";
			};
			name = Debug;
		};
		6E9C7B7F25DC1F7900D4CB23 /* Release */ = {
			isa = XCBuildConfiguration;
			baseConfigurationReference = 8061D1397E4C845281AB6A5C /* Pods-FireBaseChatAppTests.release.xcconfig */;
			buildSettings = {
				ALWAYS_EMBED_SWIFT_STANDARD_LIBRARIES = YES;
				BUNDLE_LOADER = "$(TEST_HOST)";
				CODE_SIGN_STYLE = Automatic;
				INFOPLIST_FILE = FireBaseChatAppTests/Info.plist;
				IPHONEOS_DEPLOYMENT_TARGET = 14.4;
				LD_RUNPATH_SEARCH_PATHS = (
					"$(inherited)",
					"@executable_path/Frameworks",
					"@loader_path/Frameworks",
				);
				PRODUCT_BUNDLE_IDENTIFIER = com.shunta.FireBaseChatAppTests;
				PRODUCT_NAME = "$(TARGET_NAME)";
				SWIFT_VERSION = 5.0;
				TARGETED_DEVICE_FAMILY = "1,2";
				TEST_HOST = "$(BUILT_PRODUCTS_DIR)/FireBaseChatApp.app/FireBaseChatApp";
			};
			name = Release;
		};
		6E9C7B8125DC1F7900D4CB23 /* Debug */ = {
			isa = XCBuildConfiguration;
			baseConfigurationReference = 80C80A94558D280B66FFCCD7 /* Pods-FireBaseChatApp-FireBaseChatAppUITests.debug.xcconfig */;
			buildSettings = {
				ALWAYS_EMBED_SWIFT_STANDARD_LIBRARIES = YES;
				CODE_SIGN_STYLE = Automatic;
				INFOPLIST_FILE = FireBaseChatAppUITests/Info.plist;
				LD_RUNPATH_SEARCH_PATHS = (
					"$(inherited)",
					"@executable_path/Frameworks",
					"@loader_path/Frameworks",
				);
				PRODUCT_BUNDLE_IDENTIFIER = com.shunta.FireBaseChatAppUITests;
				PRODUCT_NAME = "$(TARGET_NAME)";
				SWIFT_VERSION = 5.0;
				TARGETED_DEVICE_FAMILY = "1,2";
				TEST_TARGET_NAME = FireBaseChatApp;
			};
			name = Debug;
		};
		6E9C7B8225DC1F7900D4CB23 /* Release */ = {
			isa = XCBuildConfiguration;
			baseConfigurationReference = 76B1ECA0BFE472277FCB7558 /* Pods-FireBaseChatApp-FireBaseChatAppUITests.release.xcconfig */;
			buildSettings = {
				ALWAYS_EMBED_SWIFT_STANDARD_LIBRARIES = YES;
				CODE_SIGN_STYLE = Automatic;
				INFOPLIST_FILE = FireBaseChatAppUITests/Info.plist;
				LD_RUNPATH_SEARCH_PATHS = (
					"$(inherited)",
					"@executable_path/Frameworks",
					"@loader_path/Frameworks",
				);
				PRODUCT_BUNDLE_IDENTIFIER = com.shunta.FireBaseChatAppUITests;
				PRODUCT_NAME = "$(TARGET_NAME)";
				SWIFT_VERSION = 5.0;
				TARGETED_DEVICE_FAMILY = "1,2";
				TEST_TARGET_NAME = FireBaseChatApp;
			};
			name = Release;
		};
/* End XCBuildConfiguration section */

/* Begin XCConfigurationList section */
		6E9C7B4B25DC1F7800D4CB23 /* Build configuration list for PBXProject "FireBaseChatApp" */ = {
			isa = XCConfigurationList;
			buildConfigurations = (
				6E9C7B7825DC1F7900D4CB23 /* Debug */,
				6E9C7B7925DC1F7900D4CB23 /* Release */,
			);
			defaultConfigurationIsVisible = 0;
			defaultConfigurationName = Release;
		};
		6E9C7B7A25DC1F7900D4CB23 /* Build configuration list for PBXNativeTarget "FireBaseChatApp" */ = {
			isa = XCConfigurationList;
			buildConfigurations = (
				6E9C7B7B25DC1F7900D4CB23 /* Debug */,
				6E9C7B7C25DC1F7900D4CB23 /* Release */,
			);
			defaultConfigurationIsVisible = 0;
			defaultConfigurationName = Release;
		};
		6E9C7B7D25DC1F7900D4CB23 /* Build configuration list for PBXNativeTarget "FireBaseChatAppTests" */ = {
			isa = XCConfigurationList;
			buildConfigurations = (
				6E9C7B7E25DC1F7900D4CB23 /* Debug */,
				6E9C7B7F25DC1F7900D4CB23 /* Release */,
			);
			defaultConfigurationIsVisible = 0;
			defaultConfigurationName = Release;
		};
		6E9C7B8025DC1F7900D4CB23 /* Build configuration list for PBXNativeTarget "FireBaseChatAppUITests" */ = {
			isa = XCConfigurationList;
			buildConfigurations = (
				6E9C7B8125DC1F7900D4CB23 /* Debug */,
				6E9C7B8225DC1F7900D4CB23 /* Release */,
			);
			defaultConfigurationIsVisible = 0;
			defaultConfigurationName = Release;
		};
/* End XCConfigurationList section */
	};
	rootObject = 6E9C7B4825DC1F7800D4CB23 /* Project object */;
}
